// !$*UTF8*$!
{
	archiveVersion = 1;
	classes = {
	};
	objectVersion = 48;
	objects = {

/* Begin PBXBuildFile section */
		E10256B11FE5332800ACF915 /* AppDelegate.m in Sources */ = {isa = PBXBuildFile; fileRef = E10256B01FE5332800ACF915 /* AppDelegate.m */; };
		E10256B41FE5332800ACF915 /* ViewController.m in Sources */ = {isa = PBXBuildFile; fileRef = E10256B31FE5332800ACF915 /* ViewController.m */; };
		E10256B71FE5332800ACF915 /* Main.storyboard in Resources */ = {isa = PBXBuildFile; fileRef = E10256B51FE5332800ACF915 /* Main.storyboard */; };
		E10256B91FE5332800ACF915 /* Assets.xcassets in Resources */ = {isa = PBXBuildFile; fileRef = E10256B81FE5332800ACF915 /* Assets.xcassets */; };
		E10256BC1FE5332800ACF915 /* LaunchScreen.storyboard in Resources */ = {isa = PBXBuildFile; fileRef = E10256BA1FE5332800ACF915 /* LaunchScreen.storyboard */; };
		E10256BF1FE5332800ACF915 /* main.m in Sources */ = {isa = PBXBuildFile; fileRef = E10256BE1FE5332800ACF915 /* main.m */; };
		E10256C71FE533C300ACF915 /* DotView.m in Sources */ = {isa = PBXBuildFile; fileRef = E10256C61FE533C300ACF915 /* DotView.m */; };
		E10256DE1FE53DF200ACF915 /* CustomScrollView.m in Sources */ = {isa = PBXBuildFile; fileRef = E10256DD1FE53DF200ACF915 /* CustomScrollView.m */; };
/* End PBXBuildFile section */

/* Begin PBXFileReference section */
		E10256AC1FE5332800ACF915 /* UIScrollViewTouchHandling.app */ = {isa = PBXFileReference; explicitFileType = wrapper.application; includeInIndex = 0; path = UIScrollViewTouchHandling.app; sourceTree = BUILT_PRODUCTS_DIR; };
		E10256AF1FE5332800ACF915 /* AppDelegate.h */ = {isa = PBXFileReference; lastKnownFileType = sourcecode.c.h; path = AppDelegate.h; sourceTree = "<group>"; };
		E10256B01FE5332800ACF915 /* AppDelegate.m */ = {isa = PBXFileReference; lastKnownFileType = sourcecode.c.objc; path = AppDelegate.m; sourceTree = "<group>"; };
		E10256B21FE5332800ACF915 /* ViewController.h */ = {isa = PBXFileReference; lastKnownFileType = sourcecode.c.h; path = ViewController.h; sourceTree = "<group>"; };
		E10256B31FE5332800ACF915 /* ViewController.m */ = {isa = PBXFileReference; lastKnownFileType = sourcecode.c.objc; path = ViewController.m; sourceTree = "<group>"; };
		E10256B61FE5332800ACF915 /* Base */ = {isa = PBXFileReference; lastKnownFileType = file.storyboard; name = Base; path = Base.lproj/Main.storyboard; sourceTree = "<group>"; };
		E10256B81FE5332800ACF915 /* Assets.xcassets */ = {isa = PBXFileReference; lastKnownFileType = folder.assetcatalog; path = Assets.xcassets; sourceTree = "<group>"; };
		E10256BB1FE5332800ACF915 /* Base */ = {isa = PBXFileReference; lastKnownFileType = file.storyboard; name = Base; path = Base.lproj/LaunchScreen.storyboard; sourceTree = "<group>"; };
		E10256BD1FE5332800ACF915 /* Info.plist */ = {isa = PBXFileReference; lastKnownFileType = text.plist.xml; path = Info.plist; sourceTree = "<group>"; };
		E10256BE1FE5332800ACF915 /* main.m */ = {isa = PBXFileReference; lastKnownFileType = sourcecode.c.objc; path = main.m; sourceTree = "<group>"; };
		E10256C51FE533C300ACF915 /* DotView.h */ = {isa = PBXFileReference; lastKnownFileType = sourcecode.c.h; path = DotView.h; sourceTree = "<group>"; };
		E10256C61FE533C300ACF915 /* DotView.m */ = {isa = PBXFileReference; lastKnownFileType = sourcecode.c.objc; path = DotView.m; sourceTree = "<group>"; };
		E10256DC1FE53DF200ACF915 /* CustomScrollView.h */ = {isa = PBXFileReference; lastKnownFileType = sourcecode.c.h; path = CustomScrollView.h; sourceTree = "<group>"; };
		E10256DD1FE53DF200ACF915 /* CustomScrollView.m */ = {isa = PBXFileReference; lastKnownFileType = sourcecode.c.objc; path = CustomScrollView.m; sourceTree = "<group>"; };
/* End PBXFileReference section */

/* Begin PBXFrameworksBuildPhase section */
		E10256A91FE5332800ACF915 /* Frameworks */ = {
			isa = PBXFrameworksBuildPhase;
			buildActionMask = 2147483647;
			files = (
			);
			runOnlyForDeploymentPostprocessing = 0;
		};
/* End PBXFrameworksBuildPhase section */

/* Begin PBXGroup section */
		E10256A31FE5332800ACF915 = {
			isa = PBXGroup;
			children = (
				E10256AE1FE5332800ACF915 /* UIScrollViewTouchHandling */,
				E10256AD1FE5332800ACF915 /* Products */,
			);
			sourceTree = "<group>";
		};
		E10256AD1FE5332800ACF915 /* Products */ = {
			isa = PBXGroup;
			children = (
				E10256AC1FE5332800ACF915 /* UIScrollViewTouchHandling.app */,
			);
			name = Products;
			sourceTree = "<group>";
		};
		E10256AE1FE5332800ACF915 /* UIScrollViewTouchHandling */ = {
			isa = PBXGroup;
			children = (
				E10256AF1FE5332800ACF915 /* AppDelegate.h */,
				E10256B01FE5332800ACF915 /* AppDelegate.m */,
				E10256B21FE5332800ACF915 /* ViewController.h */,
				E10256B31FE5332800ACF915 /* ViewController.m */,
				E10256C51FE533C300ACF915 /* DotView.h */,
				E10256C61FE533C300ACF915 /* DotView.m */,
				E10256DC1FE53DF200ACF915 /* CustomScrollView.h */,
				E10256DD1FE53DF200ACF915 /* CustomScrollView.m */,
				E10256B51FE5332800ACF915 /* Main.storyboard */,
				E10256B81FE5332800ACF915 /* Assets.xcassets */,
				E10256BA1FE5332800ACF915 /* LaunchScreen.storyboard */,
				E10256BD1FE5332800ACF915 /* Info.plist */,
				E10256BE1FE5332800ACF915 /* main.m */,
			);
			path = UIScrollViewTouchHandling;
			sourceTree = "<group>";
		};
/* End PBXGroup section */

/* Begin PBXNativeTarget section */
		E10256AB1FE5332800ACF915 /* UIScrollViewTouchHandling */ = {
			isa = PBXNativeTarget;
			buildConfigurationList = E10256C21FE5332800ACF915 /* Build configuration list for PBXNativeTarget "UIScrollViewTouchHandling" */;
			buildPhases = (
				E10256A81FE5332800ACF915 /* Sources */,
				E10256A91FE5332800ACF915 /* Frameworks */,
				E10256AA1FE5332800ACF915 /* Resources */,
			);
			buildRules = (
			);
			dependencies = (
			);
			name = UIScrollViewTouchHandling;
			productName = UIScrollViewTouchHandling;
			productReference = E10256AC1FE5332800ACF915 /* UIScrollViewTouchHandling.app */;
			productType = "com.apple.product-type.application";
		};
/* End PBXNativeTarget section */

/* Begin PBXProject section */
		E10256A41FE5332800ACF915 /* Project object */ = {
			isa = PBXProject;
			attributes = {
				LastUpgradeCheck = 0920;
				ORGANIZATIONNAME = wangliang;
				TargetAttributes = {
					E10256AB1FE5332800ACF915 = {
						CreatedOnToolsVersion = 9.2;
						ProvisioningStyle = Automatic;
					};
				};
			};
			buildConfigurationList = E10256A71FE5332800ACF915 /* Build configuration list for PBXProject "UIScrollViewTouchHandling" */;
			compatibilityVersion = "Xcode 8.0";
			developmentRegion = en;
			hasScannedForEncodings = 0;
			knownRegions = (
				en,
				Base,
			);
			mainGroup = E10256A31FE5332800ACF915;
			productRefGroup = E10256AD1FE5332800ACF915 /* Products */;
			projectDirPath = "";
			projectRoot = "";
			targets = (
				E10256AB1FE5332800ACF915 /* UIScrollViewTouchHandling */,
			);
		};
/* End PBXProject section */

/* Begin PBXResourcesBuildPhase section */
		E10256AA1FE5332800ACF915 /* Resources */ = {
			isa = PBXResourcesBuildPhase;
			buildActionMask = 2147483647;
			files = (
				E10256BC1FE5332800ACF915 /* LaunchScreen.storyboard in Resources */,
				E10256B91FE5332800ACF915 /* Assets.xcassets in Resources */,
				E10256B71FE5332800ACF915 /* Main.storyboard in Resources */,
			);
			runOnlyForDeploymentPostprocessing = 0;
		};
/* End PBXResourcesBuildPhase section */

/* Begin PBXSourcesBuildPhase section */
		E10256A81FE5332800ACF915 /* Sources */ = {
			isa = PBXSourcesBuildPhase;
			buildActionMask = 2147483647;
			files = (
				E10256B41FE5332800ACF915 /* ViewController.m in Sources */,
				E10256BF1FE5332800ACF915 /* main.m in Sources */,
				E10256DE1FE53DF200ACF915 /* CustomScrollView.m in Sources */,
				E10256C71FE533C300ACF915 /* DotView.m in Sources */,
				E10256B11FE5332800ACF915 /* AppDelegate.m in Sources */,
			);
			runOnlyForDeploymentPostprocessing = 0;
		};
/* End PBXSourcesBuildPhase section */

/* Begin PBXVariantGroup section */
		E10256B51FE5332800ACF915 /* Main.storyboard */ = {
			isa = PBXVariantGroup;
			children = (
				E10256B61FE5332800ACF915 /* Base */,
			);
			name = Main.storyboard;
			sourceTree = "<group>";
		};
		E10256BA1FE5332800ACF915 /* LaunchScreen.storyboard */ = {
			isa = PBXVariantGroup;
			children = (
				E10256BB1FE5332800ACF915 /* Base */,
			);
			name = LaunchScreen.storyboard;
			sourceTree = "<group>";
		};
/* End PBXVariantGroup section */

/* Begin XCBuildConfiguration section */
		E10256C01FE5332800ACF915 /* Debug */ = {
			isa = XCBuildConfiguration;
			buildSettings = {
				ALWAYS_SEARCH_USER_PATHS = NO;
				CLANG_ANALYZER_NONNULL = YES;
				CLANG_ANALYZER_NUMBER_OBJECT_CONVERSION = YES_AGGRESSIVE;
				CLANG_CXX_LANGUAGE_STANDARD = "gnu++14";
				CLANG_CXX_LIBRARY = "libc++";
				CLANG_ENABLE_MODULES = YES;
				CLANG_ENABLE_OBJC_ARC = YES;
				CLANG_WARN_BLOCK_CAPTURE_AUTORELEASING = YES;
				CLANG_WARN_BOOL_CONVERSION = YES;
				CLANG_WARN_COMMA = YES;
				CLANG_WARN_CONSTANT_CONVERSION = YES;
				CLANG_WARN_DIRECT_OBJC_ISA_USAGE = YES_ERROR;
				CLANG_WARN_DOCUMENTATION_COMMENTS = YES;
				CLANG_WARN_EMPTY_BODY = YES;
				CLANG_WARN_ENUM_CONVERSION = YES;
				CLANG_WARN_INFINITE_RECURSION = YES;
				CLANG_WARN_INT_CONVERSION = YES;
				CLANG_WARN_NON_LITERAL_NULL_CONVERSION = YES;
				CLANG_WARN_OBJC_LITERAL_CONVERSION = YES;
				CLANG_WARN_OBJC_ROOT_CLASS = YES_ERROR;
				CLANG_WARN_RANGE_LOOP_ANALYSIS = YES;
				CLANG_WARN_STRICT_PROTOTYPES = YES;
				CLANG_WARN_SUSPICIOUS_MOVE = YES;
				CLANG_WARN_UNGUARDED_AVAILABILITY = YES_AGGRESSIVE;
				CLANG_WARN_UNREACHABLE_CODE = YES;
				CLANG_WARN__DUPLICATE_METHOD_MATCH = YES;
				CODE_SIGN_IDENTITY = "iPhone Developer";
				COPY_PHASE_STRIP = NO;
				DEBUG_INFORMATION_FORMAT = dwarf;
				ENABLE_STRICT_OBJC_MSGSEND = YES;
				ENABLE_TESTABILITY = YES;
				GCC_C_LANGUAGE_STANDARD = gnu11;
				GCC_DYNAMIC_NO_PIC = NO;
				GCC_NO_COMMON_BLOCKS = YES;
				GCC_OPTIMIZATION_LEVEL = 0;
				GCC_PREPROCESSOR_DEFINITIONS = (
					"DEBUG=1",
					"$(inherited)",
				);
				GCC_WARN_64_TO_32_BIT_CONVERSION = YES;
				GCC_WARN_ABOUT_RETURN_TYPE = YES_ERROR;
				GCC_WARN_UNDECLARED_SELECTOR = YES;
				GCC_WARN_UNINITIALIZED_AUTOS = YES_AGGRESSIVE;
				GCC_WARN_UNUSED_FUNCTION = YES;
				GCC_WARN_UNUSED_VARIABLE = YES;
				IPHONEOS_DEPLOYMENT_TARGET = 11.2;
				MTL_ENABLE_DEBUG_INFO = YES;
				ONLY_ACTIVE_ARCH = YES;
				SDKROOT = iphoneos;
			};
			name = Debug;
		};
		E10256C11FE5332800ACF915 /* Release */ = {
			isa = XCBuildConfiguration;
			buildSettings = {
				ALWAYS_SEARCH_USER_PATHS = NO;
				CLANG_ANALYZER_NONNULL = YES;
				CLANG_ANALYZER_NUMBER_OBJECT_CONVERSION = YES_AGGRESSIVE;
				CLANG_CXX_LANGUAGE_STANDARD = "gnu++14";
				CLANG_CXX_LIBRARY = "libc++";
				CLANG_ENABLE_MODULES = YES;
				CLANG_ENABLE_OBJC_ARC = YES;
				CLANG_WARN_BLOCK_CAPTURE_AUTORELEASING = YES;
				CLANG_WARN_BOOL_CONVERSION = YES;
				CLANG_WARN_COMMA = YES;
				CLANG_WARN_CONSTANT_CONVERSION = YES;
				CLANG_WARN_DIRECT_OBJC_ISA_USAGE = YES_ERROR;
				CLANG_WARN_DOCUMENTATION_COMMENTS = YES;
				CLANG_WARN_EMPTY_BODY = YES;
				CLANG_WARN_ENUM_CONVERSION = YES;
				CLANG_WARN_INFINITE_RECURSION = YES;
				CLANG_WARN_INT_CONVERSION = YES;
				CLANG_WARN_NON_LITERAL_NULL_CONVERSION = YES;
				CLANG_WARN_OBJC_LITERAL_CONVERSION = YES;
				CLANG_WARN_OBJC_ROOT_CLASS = YES_ERROR;
				CLANG_WARN_RANGE_LOOP_ANALYSIS = YES;
				CLANG_WARN_STRICT_PROTOTYPES = YES;
				CLANG_WARN_SUSPICIOUS_MOVE = YES;
				CLANG_WARN_UNGUARDED_AVAILABILITY = YES_AGGRESSIVE;
				CLANG_WARN_UNREACHABLE_CODE = YES;
				CLANG_WARN__DUPLICATE_METHOD_MATCH = YES;
				CODE_SIGN_IDENTITY = "iPhone Developer";
				COPY_PHASE_STRIP = NO;
				DEBUG_INFORMATION_FORMAT = "dwarf-with-dsym";
				ENABLE_NS_ASSERTIONS = NO;
				ENABLE_STRICT_OBJC_MSGSEND = YES;
				GCC_C_LANGUAGE_STANDARD = gnu11;
				GCC_NO_COMMON_BLOCKS = YES;
				GCC_WARN_64_TO_32_BIT_CONVERSION = YES;
				GCC_WARN_ABOUT_RETURN_TYPE = YES_ERROR;
				GCC_WARN_UNDECLARED_SELECTOR = YES;
				GCC_WARN_UNINITIALIZED_AUTOS = YES_AGGRESSIVE;
				GCC_WARN_UNUSED_FUNCTION = YES;
				GCC_WARN_UNUSED_VARIABLE = YES;
				IPHONEOS_DEPLOYMENT_TARGET = 11.2;
				MTL_ENABLE_DEBUG_INFO = NO;
				SDKROOT = iphoneos;
				VALIDATE_PRODUCT = YES;
			};
			name = Release;
		};
		E10256C31FE5332800ACF915 /* Debug */ = {
			isa = XCBuildConfiguration;
			buildSettings = {
				ASSETCATALOG_COMPILER_APPICON_NAME = AppIcon;
				"CODE_SIGN_IDENTITY[sdk=iphoneos*]" = "iPhone Developer";
				CODE_SIGN_STYLE = Automatic;
				DEVELOPMENT_TEAM = "";
				INFOPLIST_FILE = UIScrollViewTouchHandling/Info.plist;
				IPHONEOS_DEPLOYMENT_TARGET = 10.0;
				LD_RUNPATH_SEARCH_PATHS = "$(inherited) @executable_path/Frameworks";
				PRODUCT_BUNDLE_IDENTIFIER = com.WZX.UIScrollViewTouchHandling;
				PRODUCT_NAME = "$(TARGET_NAME)";
				PROVISIONING_PROFILE = "";
				PROVISIONING_PROFILE_SPECIFIER = "";
				TARGETED_DEVICE_FAMILY = "1,2";
			};
			name = Debug;
		};
		E10256C41FE5332800ACF915 /* Release */ = {
			isa = XCBuildConfiguration;
			buildSettings = {
				ASSETCATALOG_COMPILER_APPICON_NAME = AppIcon;
				"CODE_SIGN_IDENTITY[sdk=iphoneos*]" = "iPhone Developer";
				CODE_SIGN_STYLE = Automatic;
				DEVELOPMENT_TEAM = "";
				INFOPLIST_FILE = UIScrollViewTouchHandling/Info.plist;
				IPHONEOS_DEPLOYMENT_TARGET = 10.0;
				LD_RUNPATH_SEARCH_PATHS = "$(inherited) @executable_path/Frameworks";
				PRODUCT_BUNDLE_IDENTIFIER = com.WZX.UIScrollViewTouchHandling;
				PRODUCT_NAME = "$(TARGET_NAME)";
				PROVISIONING_PROFILE = "";
				PROVISIONING_PROFILE_SPECIFIER = "";
				TARGETED_DEVICE_FAMILY = "1,2";
			};
			name = Release;
		};
/* End XCBuildConfiguration section */

/* Begin XCConfigurationList section */
		E10256A71FE5332800ACF915 /* Build configuration list for PBXProject "UIScrollViewTouchHandling" */ = {
			isa = XCConfigurationList;
			buildConfigurations = (
				E10256C01FE5332800ACF915 /* Debug */,
				E10256C11FE5332800ACF915 /* Release */,
			);
			defaultConfigurationIsVisible = 0;
			defaultConfigurationName = Release;
		};
		E10256C21FE5332800ACF915 /* Build configuration list for PBXNativeTarget "UIScrollViewTouchHandling" */ = {
			isa = XCConfigurationList;
			buildConfigurations = (
				E10256C31FE5332800ACF915 /* Debug */,
				E10256C41FE5332800ACF915 /* Release */,
			);
			defaultConfigurationIsVisible = 0;
			defaultConfigurationName = Release;
		};
/* End XCConfigurationList section */
	};
	rootObject = E10256A41FE5332800ACF915 /* Project object */;
}
